
Microsoft Visual Studio Solution File, Format Version 12.00
# Visual Studio Version 16
VisualStudioVersion = 16.0.30907.101
MinimumVisualStudioVersion = 10.0.40219.1
Project("{FAE04EC0-301F-11D3-BF4B-00C04F79EFBC}") = "AppleAndOrange", "AppleAndOrange\AppleAndOrange.csproj", "{4684D9EB-977E-47FF-B164-8D003D32BCE0}"
EndProject
Global
	GlobalSection(SolutionConfigurationPlatforms) = preSolution
		Debug|Any CPU = Debug|Any CPU
		Release|Any CPU = Release|Any CPU
	EndGlobalSection
	GlobalSection(ProjectConfigurationPlatforms) = postSolution
		{4684D9EB-977E-47FF-B164-8D003D32BCE0}.Debug|Any CPU.ActiveCfg = Debug|Any CPU
		{4684D9EB-977E-47FF-B164-8D003D32BCE0}.Debug|Any CPU.Build.0 = Debug|Any CPU
		{4684D9EB-977E-47FF-B164-8D003D32BCE0}.Release|Any CPU.ActiveCfg = Release|Any CPU
		{4684D9EB-977E-47FF-B164-8D003D32BCE0}.Release|Any CPU.Build.0 = Release|Any CPU
	EndGlobalSection
	GlobalSection(SolutionProperties) = preSolution
		HideSolutionNode = FALSE
	EndGlobalSection
	GlobalSection(ExtensibilityGlobals) = postSolution
		SolutionGuid = {52AD4D51-E583-489E-8843-404D741CAFCA}
	EndGlobalSection
EndGlobal
